
Microsoft Visual Studio Solution File, Format Version 12.00
# Visual Studio 2013
VisualStudioVersion = 12.0.21005.1
MinimumVisualStudioVersion = 10.0.40219.1
Project("{FAE04EC0-301F-11D3-BF4B-00C04F79EFBC}") = "TCPEchoClient", "TCPEchoClient\TCPEchoClient.csproj", "{4468A183-1012-4D08-A885-AE1DBBA8DF2F}"
EndProject
Project("{FAE04EC0-301F-11D3-BF4B-00C04F79EFBC}") = "UDPEchoClient", "UDPEchoClient\UDPEchoClient.csproj", "{191B60DB-7A75-4136-B23D-F90F4F2DACF6}"
EndProject
Project("{FAE04EC0-301F-11D3-BF4B-00C04F79EFBC}") = "LEDController", "LEDController\LEDController.csproj", "{57949B93-FBD5-45BD-986F-5E92B42F2ADF}"
EndProject
Global
	GlobalSection(SolutionConfigurationPlatforms) = preSolution
		Debug|Any CPU = Debug|Any CPU
		Release|Any CPU = Release|Any CPU
	EndGlobalSection
	GlobalSection(ProjectConfigurationPlatforms) = postSolution
		{4468A183-1012-4D08-A885-AE1DBBA8DF2F}.Debug|Any CPU.ActiveCfg = Debug|Any CPU
		{4468A183-1012-4D08-A885-AE1DBBA8DF2F}.Debug|Any CPU.Build.0 = Debug|Any CPU
		{4468A183-1012-4D08-A885-AE1DBBA8DF2F}.Release|Any CPU.ActiveCfg = Release|Any CPU
		{4468A183-1012-4D08-A885-AE1DBBA8DF2F}.Release|Any CPU.Build.0 = Release|Any CPU
		{191B60DB-7A75-4136-B23D-F90F4F2DACF6}.Debug|Any CPU.ActiveCfg = Debug|Any CPU
		{191B60DB-7A75-4136-B23D-F90F4F2DACF6}.Debug|Any CPU.Build.0 = Debug|Any CPU
		{191B60DB-7A75-4136-B23D-F90F4F2DACF6}.Release|Any CPU.ActiveCfg = Release|Any CPU
		{191B60DB-7A75-4136-B23D-F90F4F2DACF6}.Release|Any CPU.Build.0 = Release|Any CPU
		{57949B93-FBD5-45BD-986F-5E92B42F2ADF}.Debug|Any CPU.ActiveCfg = Debug|Any CPU
		{57949B93-FBD5-45BD-986F-5E92B42F2ADF}.Debug|Any CPU.Build.0 = Debug|Any CPU
		{57949B93-FBD5-45BD-986F-5E92B42F2ADF}.Release|Any CPU.ActiveCfg = Release|Any CPU
		{57949B93-FBD5-45BD-986F-5E92B42F2ADF}.Release|Any CPU.Build.0 = Release|Any CPU
	EndGlobalSection
	GlobalSection(SolutionProperties) = preSolution
		HideSolutionNode = FALSE
	EndGlobalSection
EndGlobal
